// !$*UTF8*$!
{
	archiveVersion = 1;
	classes = {
	};
	objectVersion = 46;
	objects = {

/* Begin PBXBuildFile section */
		CED9C3BA1CF3210300561F14 /* main.m in Sources */ = {isa = PBXBuildFile; fileRef = CED9C3B91CF3210300561F14 /* main.m */; };
		CED9C3BD1CF3210300561F14 /* AppDelegate.m in Sources */ = {isa = PBXBuildFile; fileRef = CED9C3BC1CF3210300561F14 /* AppDelegate.m */; };
		CED9C3C01CF3210300561F14 /* ViewController.m in Sources */ = {isa = PBXBuildFile; fileRef = CED9C3BF1CF3210300561F14 /* ViewController.m */; };
		CED9C3C31CF3210300561F14 /* Main.storyboard in Resources */ = {isa = PBXBuildFile; fileRef = CED9C3C11CF3210300561F14 /* Main.storyboard */; };
		CED9C3C51CF3210300561F14 /* Assets.xcassets in Resources */ = {isa = PBXBuildFile; fileRef = CED9C3C41CF3210300561F14 /* Assets.xcassets */; };
		CED9C3C81CF3210300561F14 /* LaunchScreen.storyboard in Resources */ = {isa = PBXBuildFile; fileRef = CED9C3C61CF3210300561F14 /* LaunchScreen.storyboard */; };
/* End PBXBuildFile section */

/* Begin PBXFileReference section */
		CED9C3B51CF3210200561F14 /* GitDemo.app */ = {isa = PBXFileReference; explicitFileType = wrapper.application; includeInIndex = 0; path = GitDemo.app; sourceTree = BUILT_PRODUCTS_DIR; };
		CED9C3B91CF3210300561F14 /* main.m */ = {isa = PBXFileReference; lastKnownFileType = sourcecode.c.objc; path = main.m; sourceTree = "<group>"; };
		CED9C3BB1CF3210300561F14 /* AppDelegate.h */ = {isa = PBXFileReference; lastKnownFileType = sourcecode.c.h; path = AppDelegate.h; sourceTree = "<group>"; };
		CED9C3BC1CF3210300561F14 /* AppDelegate.m */ = {isa = PBXFileReference; lastKnownFileType = sourcecode.c.objc; path = AppDelegate.m; sourceTree = "<group>"; };
		CED9C3BE1CF3210300561F14 /* ViewController.h */ = {isa = PBXFileReference; lastKnownFileType = sourcecode.c.h; path = ViewController.h; sourceTree = "<group>"; };
		CED9C3BF1CF3210300561F14 /* ViewController.m */ = {isa = PBXFileReference; lastKnownFileType = sourcecode.c.objc; path = ViewController.m; sourceTree = "<group>"; };
		CED9C3C21CF3210300561F14 /* Base */ = {isa = PBXFileReference; lastKnownFileType = file.storyboard; name = Base; path = Base.lproj/Main.storyboard; sourceTree = "<group>"; };
		CED9C3C41CF3210300561F14 /* Assets.xcassets */ = {isa = PBXFileReference; lastKnownFileType = folder.assetcatalog; path = Assets.xcassets; sourceTree = "<group>"; };
		CED9C3C71CF3210300561F14 /* Base */ = {isa = PBXFileReference; lastKnownFileType = file.storyboard; name = Base; path = Base.lproj/LaunchScreen.storyboard; sourceTree = "<group>"; };
		CED9C3C91CF3210300561F14 /* Info.plist */ = {isa = PBXFileReference; lastKnownFileType = text.plist.xml; path = Info.plist; sourceTree = "<group>"; };
/* End PBXFileReference section */

/* Begin PBXFrameworksBuildPhase section */
		CED9C3B21CF3210200561F14 /* Frameworks */ = {
			isa = PBXFrameworksBuildPhase;
			buildActionMask = 2147483647;
			files = (
			);
			runOnlyForDeploymentPostprocessing = 0;
		};
/* End PBXFrameworksBuildPhase section */

/* Begin PBXGroup section */
		CED9C3AC1CF3210200561F14 = {
			isa = PBXGroup;
			children = (
				CED9C3B71CF3210300561F14 /* GitDemo */,
				CED9C3B61CF3210200561F14 /* Products */,
			);
			sourceTree = "<group>";
		};
		CED9C3B61CF3210200561F14 /* Products */ = {
			isa = PBXGroup;
			children = (
				CED9C3B51CF3210200561F14 /* GitDemo.app */,
			);
			name = Products;
			sourceTree = "<group>";
		};
		CED9C3B71CF3210300561F14 /* GitDemo */ = {
			isa = PBXGroup;
			children = (
				CED9C3BB1CF3210300561F14 /* AppDelegate.h */,
				CED9C3BC1CF3210300561F14 /* AppDelegate.m */,
				CED9C3BE1CF3210300561F14 /* ViewController.h */,
				CED9C3BF1CF3210300561F14 /* ViewController.m */,
				CED9C3C11CF3210300561F14 /* Main.storyboard */,
				CED9C3C41CF3210300561F14 /* Assets.xcassets */,
				CED9C3C61CF3210300561F14 /* LaunchScreen.storyboard */,
				CED9C3C91CF3210300561F14 /* Info.plist */,
				CED9C3B81CF3210300561F14 /* Supporting Files */,
			);
			path = GitDemo;
			sourceTree = "<group>";
		};
		CED9C3B81CF3210300561F14 /* Supporting Files */ = {
			isa = PBXGroup;
			children = (
				CED9C3B91CF3210300561F14 /* main.m */,
			);
			name = "Supporting Files";
			sourceTree = "<group>";
		};
/* End PBXGroup section */

/* Begin PBXNativeTarget section */
		CED9C3B41CF3210200561F14 /* GitDemo */ = {
			isa = PBXNativeTarget;
			buildConfigurationList = CED9C3CC1CF3210300561F14 /* Build configuration list for PBXNativeTarget "GitDemo" */;
			buildPhases = (
				CED9C3B11CF3210200561F14 /* Sources */,
				CED9C3B21CF3210200561F14 /* Frameworks */,
				CED9C3B31CF3210200561F14 /* Resources */,
			);
			buildRules = (
			);
			dependencies = (
			);
			name = GitDemo;
			productName = GitDemo;
			productReference = CED9C3B51CF3210200561F14 /* GitDemo.app */;
			productType = "com.apple.product-type.application";
		};
/* End PBXNativeTarget section */

/* Begin PBXProject section */
		CED9C3AD1CF3210200561F14 /* Project object */ = {
			isa = PBXProject;
			attributes = {
				LastUpgradeCheck = 0730;
				ORGANIZATIONNAME = "Gaurav Bhatia";
				TargetAttributes = {
					CED9C3B41CF3210200561F14 = {
						CreatedOnToolsVersion = 7.3;
					};
				};
			};
			buildConfigurationList = CED9C3B01CF3210200561F14 /* Build configuration list for PBXProject "GitDemo" */;
			compatibilityVersion = "Xcode 3.2";
			developmentRegion = English;
			hasScannedForEncodings = 0;
			knownRegions = (
				en,
				Base,
			);
			mainGroup = CED9C3AC1CF3210200561F14;
			productRefGroup = CED9C3B61CF3210200561F14 /* Products */;
			projectDirPath = "";
			projectRoot = "";
			targets = (
				CED9C3B41CF3210200561F14 /* GitDemo */,
			);
		};
/* End PBXProject section */

/* Begin PBXResourcesBuildPhase section */
		CED9C3B31CF3210200561F14 /* Resources */ = {
			isa = PBXResourcesBuildPhase;
			buildActionMask = 2147483647;
			files = (
				CED9C3C81CF3210300561F14 /* LaunchScreen.storyboard in Resources */,
				CED9C3C51CF3210300561F14 /* Assets.xcassets in Resources */,
				CED9C3C31CF3210300561F14 /* Main.storyboard in Resources */,
			);
			runOnlyForDeploymentPostprocessing = 0;
		};
/* End PBXResourcesBuildPhase section */

/* Begin PBXSourcesBuildPhase section */
		CED9C3B11CF3210200561F14 /* Sources */ = {
			isa = PBXSourcesBuildPhase;
			buildActionMask = 2147483647;
			files = (
				CED9C3C01CF3210300561F14 /* ViewController.m in Sources */,
				CED9C3BD1CF3210300561F14 /* AppDelegate.m in Sources */,
				CED9C3BA1CF3210300561F14 /* main.m in Sources */,
			);
			runOnlyForDeploymentPostprocessing = 0;
		};
/* End PBXSourcesBuildPhase section */

/* Begin PBXVariantGroup section */
		CED9C3C11CF3210300561F14 /* Main.storyboard */ = {
			isa = PBXVariantGroup;
			children = (
				CED9C3C21CF3210300561F14 /* Base */,
			);
			name = Main.storyboard;
			sourceTree = "<group>";
		};
		CED9C3C61CF3210300561F14 /* LaunchScreen.storyboard */ = {
			isa = PBXVariantGroup;
			children = (
				CED9C3C71CF3210300561F14 /* Base */,
			);
			name = LaunchScreen.storyboard;
			sourceTree = "<group>";
		};
/* End PBXVariantGroup section */

/* Begin XCBuildConfiguration section */
		CED9C3CA1CF3210300561F14 /* Debug */ = {
			isa = XCBuildConfiguration;
			buildSettings = {
				ALWAYS_SEARCH_USER_PATHS = NO;
				CLANG_ANALYZER_NONNULL = YES;
				CLANG_CXX_LANGUAGE_STANDARD = "gnu++0x";
				CLANG_CXX_LIBRARY = "libc++";
				CLANG_ENABLE_MODULES = YES;
				CLANG_ENABLE_OBJC_ARC = YES;
				CLANG_WARN_BOOL_CONVERSION = YES;
				CLANG_WARN_CONSTANT_CONVERSION = YES;
				CLANG_WARN_DIRECT_OBJC_ISA_USAGE = YES_ERROR;
				CLANG_WARN_EMPTY_BODY = YES;
				CLANG_WARN_ENUM_CONVERSION = YES;
				CLANG_WARN_INT_CONVERSION = YES;
				CLANG_WARN_OBJC_ROOT_CLASS = YES_ERROR;
				CLANG_WARN_UNREACHABLE_CODE = YES;
				CLANG_WARN__DUPLICATE_METHOD_MATCH = YES;
				"CODE_SIGN_IDENTITY[sdk=iphoneos*]" = "iPhone Developer";
				COPY_PHASE_STRIP = NO;
				DEBUG_INFORMATION_FORMAT = dwarf;
				ENABLE_STRICT_OBJC_MSGSEND = YES;
				ENABLE_TESTABILITY = YES;
				GCC_C_LANGUAGE_STANDARD = gnu99;
				GCC_DYNAMIC_NO_PIC = NO;
				GCC_NO_COMMON_BLOCKS = YES;
				GCC_OPTIMIZATION_LEVEL = 0;
				GCC_PREPROCESSOR_DEFINITIONS = (
					"DEBUG=1",
					"$(inherited)",
				);
				GCC_WARN_64_TO_32_BIT_CONVERSION = YES;
				GCC_WARN_ABOUT_RETURN_TYPE = YES_ERROR;
				GCC_WARN_UNDECLARED_SELECTOR = YES;
				GCC_WARN_UNINITIALIZED_AUTOS = YES_AGGRESSIVE;
				GCC_WARN_UNUSED_FUNCTION = YES;
				GCC_WARN_UNUSED_VARIABLE = YES;
				IPHONEOS_DEPLOYMENT_TARGET = 9.3;
				MTL_ENABLE_DEBUG_INFO = YES;
				ONLY_ACTIVE_ARCH = YES;
				SDKROOT = iphoneos;
				TARGETED_DEVICE_FAMILY = "1,2";
			};
			name = Debug;
		};
		CED9C3CB1CF3210300561F14 /* Release */ = {
			isa = XCBuildConfiguration;
			buildSettings = {
				ALWAYS_SEARCH_USER_PATHS = NO;
				CLANG_ANALYZER_NONNULL = YES;
				CLANG_CXX_LANGUAGE_STANDARD = "gnu++0x";
				CLANG_CXX_LIBRARY = "libc++";
				CLANG_ENABLE_MODULES = YES;
				CLANG_ENABLE_OBJC_ARC = YES;
				CLANG_WARN_BOOL_CONVERSION = YES;
				CLANG_WARN_CONSTANT_CONVERSION = YES;
				CLANG_WARN_DIRECT_OBJC_ISA_USAGE = YES_ERROR;
				CLANG_WARN_EMPTY_BODY = YES;
				CLANG_WARN_ENUM_CONVERSION = YES;
				CLANG_WARN_INT_CONVERSION = YES;
				CLANG_WARN_OBJC_ROOT_CLASS = YES_ERROR;
				CLANG_WARN_UNREACHABLE_CODE = YES;
				CLANG_WARN__DUPLICATE_METHOD_MATCH = YES;
				"CODE_SIGN_IDENTITY[sdk=iphoneos*]" = "iPhone Developer";
				COPY_PHASE_STRIP = NO;
				DEBUG_INFORMATION_FORMAT = "dwarf-with-dsym";
				ENABLE_NS_ASSERTIONS = NO;
				ENABLE_STRICT_OBJC_MSGSEND = YES;
				GCC_C_LANGUAGE_STANDARD = gnu99;
				GCC_NO_COMMON_BLOCKS = YES;
				GCC_WARN_64_TO_32_BIT_CONVERSION = YES;
				GCC_WARN_ABOUT_RETURN_TYPE = YES_ERROR;
				GCC_WARN_UNDECLARED_SELECTOR = YES;
				GCC_WARN_UNINITIALIZED_AUTOS = YES_AGGRESSIVE;
				GCC_WARN_UNUSED_FUNCTION = YES;
				GCC_WARN_UNUSED_VARIABLE = YES;
				IPHONEOS_DEPLOYMENT_TARGET = 9.3;
				MTL_ENABLE_DEBUG_INFO = NO;
				SDKROOT = iphoneos;
				TARGETED_DEVICE_FAMILY = "1,2";
				VALIDATE_PRODUCT = YES;
			};
			name = Release;
		};
		CED9C3CD1CF3210300561F14 /* Debug */ = {
			isa = XCBuildConfiguration;
			buildSettings = {
				ASSETCATALOG_COMPILER_APPICON_NAME = AppIcon;
				INFOPLIST_FILE = GitDemo/Info.plist;
				LD_RUNPATH_SEARCH_PATHS = "$(inherited) @executable_path/Frameworks";
				PRODUCT_BUNDLE_IDENTIFIER = com.gaurav.bhatia.GitDemo;
				PRODUCT_NAME = "$(TARGET_NAME)";
			};
			name = Debug;
		};
		CED9C3CE1CF3210300561F14 /* Release */ = {
			isa = XCBuildConfiguration;
			buildSettings = {
				ASSETCATALOG_COMPILER_APPICON_NAME = AppIcon;
				INFOPLIST_FILE = GitDemo/Info.plist;
				LD_RUNPATH_SEARCH_PATHS = "$(inherited) @executable_path/Frameworks";
				PRODUCT_BUNDLE_IDENTIFIER = com.gaurav.bhatia.GitDemo;
				PRODUCT_NAME = "$(TARGET_NAME)";
			};
			name = Release;
		};
/* End XCBuildConfiguration section */

/* Begin XCConfigurationList section */
		CED9C3B01CF3210200561F14 /* Build configuration list for PBXProject "GitDemo" */ = {
			isa = XCConfigurationList;
			buildConfigurations = (
				CED9C3CA1CF3210300561F14 /* Debug */,
				CED9C3CB1CF3210300561F14 /* Release */,
			);
			defaultConfigurationIsVisible = 0;
			defaultConfigurationName = Release;
		};
		CED9C3CC1CF3210300561F14 /* Build configuration list for PBXNativeTarget "GitDemo" */ = {
			isa = XCConfigurationList;
			buildConfigurations = (
				CED9C3CD1CF3210300561F14 /* Debug */,
				CED9C3CE1CF3210300561F14 /* Release */,
			);
			defaultConfigurationIsVisible = 0;
		};
/* End XCConfigurationList section */
	};
	rootObject = CED9C3AD1CF3210200561F14 /* Project object */;
}
